version = 1
revision = 3
requires-python = ">=3.12"

[[package]]
name = "asgiref"
version = "3.11.1"
source = { registry = "https://pypi.org/simple" }
sdist = { url = "https://files.pythonhosted.org/packages/63/40/f03da1264ae8f7cfdbf9146542e5e7e8100a4c66ab48e791df9a03d3f6c0/asgiref-3.11.1.tar.gz", hash = "sha256:5f184dc43b7e763efe848065441eac62229c9f7b0475f41f80e207a114eda4ce", size = 38550, upload-time = "2026-02-03T13:30:14.33Z" }
wheels = [
    { url = "https://files.pythonhosted.org/packages/5c/0a/a72d10ed65068e115044937873362e6e32fab1b7dce0046aeb224682c989/asgiref-3.11.1-py3-none-any.whl", hash = "sha256:e8667a091e69529631969fd45dc268fa79b99c92c5fcdda727757e52146ec133", size = 24345, upload-time = "2026-02-03T13:30:13.039Z" },
]

[[package]]
name = "certifi"
version = "2026.6.17"
source = { registry = "https://pypi.org/simple" }
sdist = { url = "https://files.pythonhosted.org/packages/c9/c7/424b75da314c1045981bd9777432fad05a9e0c69daa4ed7e308bbaffe405/certifi-2026.6.17.tar.gz", hash = "sha256:024c88eeec92ca068db80f02b8b07c9cef7b9fe261d1d535abfd5abd6f6af432", size = 134594, upload-time = "2026-06-17T10:31:07.894Z" }
wheels = [
    { url = "https://files.pythonhosted.org/packages/ef/2f/c5464532e965badff2f4c4c1a3a83f5697f0d7c407ed0cda44aaa99bb451/certifi-2026.6.17-py3-none-any.whl", hash = "sha256:2227dcbaafe0d2f59279d1762ddddc37783ed4354594f194ffc31d20f41fc3db", size = 133289, upload-time = "2026-06-17T10:31:06.348Z" },
]

[[package]]
name = "charset-normalizer"
version = "3.4.8"
source = { registry = "https://pypi.org/simple" }
sdist = { url = "https://files.pythonhosted.org/packages/20/56/10a88e00039537d74bd420f0457c52ab8f58a1af56126e3b9f1b1c8c4724/charset_normalizer-3.4.8.tar.gz", hash = "sha256:d9bf144d6faf12c70d58e47f7512992ae2882b820031d6cef68152deb645bf2d", size = 151790, upload-time = "2026-07-06T15:27:58.477Z" }
wheels = [
    { url = "https://files.pythonhosted.org/packages/59/c2/39de60ef5687662f467bed3d1e6944c67a4f0d057141d0404002b8f405ae/charset_normalizer-3.4.8-cp312-cp312-macosx_10_13_universal2.whl", hash = "sha256:faac37c4904598daa00cb4c9b32f3b4cc814fb5f145d7a531ceb4a70f2114132", size = 319040, upload-time = "2026-07-06T15:26:15.854Z" },
    { url = "https://files.pythonhosted.org/packages/a7/57/a9474c3aeaa337c8a330c0dc5df266527d56da3b189c029529f6b08af2a4/charset_normalizer-3.4.8-cp312-cp312-manylinux2014_aarch64.manylinux_2_17_aarch64.manylinux_2_28_aarch64.whl", hash = "sha256:f191c19a32dc6cec0fb8079789d786254653a9ce906fcab04ccd2eed07bba233", size = 215541, upload-time = "2026-07-06T15:26:17.265Z" },
    { url = "https://files.pythonhosted.org/packages/13/a9/be1ff7e81f6e086dced2a7a7a28b789be351d9796084ccaf6136a4ffafb3/charset_normalizer-3.4.8-cp312-cp312-manylinux2014_ppc64le.manylinux_2_17_ppc64le.manylinux_2_28_ppc64le.whl", hash = "sha256:05811b76943d477bb90822dedb5c4565cef70148847a59d574e2b35043aeb563", size = 236913, upload-time = "2026-07-06T15:26:18.482Z" },
    { url = "https://files.pythonhosted.org/packages/8f/75/d8c5eae93da26d463f9ebe46a4937ca44434dc2937a565b92437befb3d94/charset_normalizer-3.4.8-cp312-cp312-manylinux2014_s390x.manylinux_2_17_s390x.manylinux_2_28_s390x.whl", hash = "sha256:3868a3e4ec1e40b419e060d063f93eac6f046fa21426c4816421223ae7dc8ab8", size = 232815, upload-time = "2026-07-06T15:26:19.734Z" },
    { url = "https://files.pythonhosted.org/packages/27/0d/98e301ca944bcca5e6bc312406b579c8a6d81546c1b494afb3a9478495d6/charset_normalizer-3.4.8-cp312-cp312-manylinux2014_x86_64.manylinux_2_17_x86_64.manylinux_2_28_x86_64.whl", hash = "sha256:25f93d194eb6264c64416cabff46a91f6d99b97e7525a1b4f35c77a99e75cc68", size = 223995, upload-time = "2026-07-06T15:26:20.931Z" },
    { url = "https://files.pythonhosted.org/packages/fa/df/f5222366b76dcb31453a9bd922610c893540d0e729fd390439b0d3e972ee/charset_normalizer-3.4.8-cp312-cp312-manylinux_2_31_armv7l.whl", hash = "sha256:ee6a62492f18d432cca031fabd158f400a8c25bf7b9458f50953393a2a23d97a", size = 208522, upload-time = "2026-07-06T15:26:22.214Z" },
    { url = "https://files.pythonhosted.org/packages/74/52/293220d59d8ddfb8aa56836b33bd6df58e70795d8a102a858c2984480f00/charset_normalizer-3.4.8-cp312-cp312-manylinux_2_31_riscv64.manylinux_2_39_riscv64.whl", hash = "sha256:1c16cb4fc35e4b064f5ee78d849f15a550ada1729c3372916672e38f1f01d1d4", size = 219660, upload-time = "2026-07-06T15:26:23.493Z" },
    { url = "https://files.pythonhosted.org/packages/c3/2c/81a298e66f3d01e61bfc6f7064bbb553b067a9f1d979e5962bf00733069b/charset_normalizer-3.4.8-cp312-cp312-musllinux_1_2_aarch64.whl", hash = "sha256:2fbd0edb0426ab28e70fac9d1d4ef549eb5a64a2521f0428c441d75e4387e6c2", size = 218230, upload-time = "2026-07-06T15:26:24.629Z" },
    { url = "https://files.pythonhosted.org/packages/0d/45/f1dd2328cbc3340705f82072c09bd4c68d6e079191cde05810c1eac77eee/charset_normalizer-3.4.8-cp312-cp312-musllinux_1_2_armv7l.whl", hash = "sha256:ccb9052771216170015f810b88065fd9e13b1e0b391f92abb9b47e0919a42aad", size = 210006, upload-time = "2026-07-06T15:26:25.837Z" },
    { url = "https://files.pythonhosted.org/packages/38/63/28697000620e117eb413424caaf60b6f98ddb1b09b2c11f7c0038d9936a7/charset_normalizer-3.4.8-cp312-cp312-musllinux_1_2_x86_64.whl", hash = "sha256:3809ba5d3cd02aca0894597f2669a825bdfe2229061515c128b0f4e5533b4ab5", size = 225771, upload-time = "2026-07-06T15:26:27.079Z" },
    { url = "https://files.pythonhosted.org/packages/12/a7/d5844e315f5f35e7938c415f07a1df144eed1cf993f1b43cc16c980c5b46/charset_normalizer-3.4.8-cp312-cp312-win32.whl", hash = "sha256:de63c31666a049f653ada24e800192e3c019e96bc7d70fb449a000bccf26a36f", size = 150922, upload-time = "2026-07-06T15:26:28.514Z" },
    { url = "https://files.pythonhosted.org/packages/9b/82/eb8b72f184b1e4986dd9daec15d7f6d9285a6728d2b07b7f04656829f473/charset_normalizer-3.4.8-cp312-cp312-win_amd64.whl", hash = "sha256:14a4bbe066f3fb05c6ba70e9cf9d34614b57a2fd70ea8c27cc30f34155e16a58", size = 162294, upload-time = "2026-07-06T15:26:29.745Z" },
    { url = "https://files.pythonhosted.org/packages/09/5a/ab810134aa41034a08ffe94c058102016e6ad9bce62f3cdba547b4723385/charset_normalizer-3.4.8-cp312-cp312-win_arm64.whl", hash = "sha256:2b5b0c0dca0a02c3f816f89abf18af3d20416dedbc3d3aa5f3981045f88ae7b0", size = 152409, upload-time = "2026-07-06T15:26:31.034Z" },
    { url = "https://files.pythonhosted.org/packages/11/49/fe5a8572a70cd9cba79f80af9388ac8c5c914ed4459b956f940244e499a5/charset_normalizer-3.4.8-cp313-cp313-macosx_10_13_universal2.whl", hash = "sha256:057f8609f7341618c98e5aa9a6109fa116acff2a658497d47ab3325b5e8f2b08", size = 317424, upload-time = "2026-07-06T15:26:32.23Z" },
    { url = "https://files.pythonhosted.org/packages/e5/59/d71c96616b6825425a876f79f38fa440db30b32cc1166179a839f6259150/charset_normalizer-3.4.8-cp313-cp313-manylinux2014_aarch64.manylinux_2_17_aarch64.manylinux_2_28_aarch64.whl", hash = "sha256:c591f9a82adc5b89a039b90df74e43de2b9177fb46771172bed7b80722a70db0", size = 214723, upload-time = "2026-07-06T15:26:33.635Z" },
    { url = "https://files.pythonhosted.org/packages/c6/35/dc9eeb297f19b7b6ada39709ccb74937e6c51f0947958ae601a977cedd5d/charset_normalizer-3.4.8-cp313-cp313-manylinux2014_ppc64le.manylinux_2_17_ppc64le.manylinux_2_28_ppc64le.whl", hash = "sha256:5b56f449132d9adefe55b87635d05177a914ed5d070438a74725e1d77a280002", size = 236200, upload-time = "2026-07-06T15:26:34.99Z" },
    { url = "https://files.pythonhosted.org/packages/0a/37/6775fe852b4acad8bf7e0575fbe8aa9f41b546e33251acbded3c04a6b0d9/charset_normalizer-3.4.8-cp313-cp313-manylinux2014_s390x.manylinux_2_17_s390x.manylinux_2_28_s390x.whl", hash = "sha256:1004c3b5831a301dadfb9e916f38e78e2ff3e08db24a1ad7c354db8ee3dea9c3", size = 231740, upload-time = "2026-07-06T15:26:36.498Z" },
    { url = "https://files.pythonhosted.org/packages/e4/28/1bcc3f5f3bac81532384adcfcdd9362c7f46a188a19deacc1ddaf7bdaa00/charset_normalizer-3.4.8-cp313-cp313-manylinux2014_x86_64.manylinux_2_17_x86_64.manylinux_2_28_x86_64.whl", hash = "sha256:60883e22821d17c9e5b4f3ca1ef8074f766e3db28791f851b665929c515635c0", size = 222888, upload-time = "2026-07-06T15:26:38.161Z" },
    { url = "https://files.pythonhosted.org/packages/47/81/9f3993ca62ef090c58059da641e49e3129e74700a6a3beb58436cdb8d4b9/charset_normalizer-3.4.8-cp313-cp313-manylinux_2_31_armv7l.whl", hash = "sha256:21e4dbb942c8a6342e2685f232dd2a7bc73465697bd26ead4f118271d28be383", size = 207649, upload-time = "2026-07-06T15:26:39.628Z" },
    { url = "https://files.pythonhosted.org/packages/11/f4/679f636bcbdc2d53d06b1f4039be310450dca95a9f76bbf22f09985556e8/charset_normalizer-3.4.8-cp313-cp313-manylinux_2_31_riscv64.manylinux_2_39_riscv64.whl", hash = "sha256:84bcae14c65e645ca66b661339183d32b8c846a17c96e3e81ab3d346e1c498d4", size = 218908, upload-time = "2026-07-06T15:26:40.911Z" },
    { url = "https://files.pythonhosted.org/packages/7e/44/96e8c81867ba8a45ff893c8e7474c2d6b9633f7aa663da7901d040214d3e/charset_normalizer-3.4.8-cp313-cp313-musllinux_1_2_aarch64.whl", hash = "sha256:b4e4d44b8287aa13a25e16e29393d494b0643b24894f7c8266c6f6788dd36337", size = 217096, upload-time = "2026-07-06T15:26:42.148Z" },
    { url = "https://files.pythonhosted.org/packages/a5/bf/4d53f04f29bdb22601701f4f9f4d038edfb27976c296fcb7400c02736a6e/charset_normalizer-3.4.8-cp313-cp313-musllinux_1_2_armv7l.whl", hash = "sha256:f68545d1b267dbfafd5d253b6d1cb161562c4e61ab25b5c4cdb7d9e5923e441e", size = 209355, upload-time = "2026-07-06T15:26:43.557Z" },
    { url = "https://files.pythonhosted.org/packages/ad/60/92b3f630798d777fa880ad289a3f9f2fc663e4b4beb24783c53318820254/charset_normalizer-3.4.8-cp313-cp313-musllinux_1_2_x86_64.whl", hash = "sha256:1936e48214adea74922a20c8ab41b1393ae27cc9e329eb1f0b937d3416824f36", size = 224732, upload-time = "2026-07-06T15:26:44.892Z" },
    { url = "https://files.pythonhosted.org/packages/bd/85/eafa0a3c7bb6fe9f02f4c7901f02071933cac85ee634197e17280818c6de/charset_normalizer-3.4.8-cp313-cp313-win32.whl", hash = "sha256:1f8e3521860187d597f3867d8466da225b9179ea2833bb26de1bb026144d07c3", size = 150358, upload-time = "2026-07-06T15:26:46.153Z" },
    { url = "https://files.pythonhosted.org/packages/f5/8c/879fafff7b47bb1166d289f2d2472cb31b9922f9f4ca1f392edf85ec16be/charset_normalizer-3.4.8-cp313-cp313-win_amd64.whl", hash = "sha256:8b654b6f52a0a9a6be38e88f3e1dc68f1093ebeb2abbadafc7c82da0786a34be", size = 161685, upload-time = "2026-07-06T15:26:47.423Z" },
    { url = "https://files.pythonhosted.org/packages/c3/46/b57c7e778a7b578f28d35fd38544687d4f8d9c019585eebc5ad936073fad/charset_normalizer-3.4.8-cp313-cp313-win_arm64.whl", hash = "sha256:d2d5a250ee26e29468b7607d97479221b069fa8aaf6f929ac84ec0e962e15154", size = 152333, upload-time = "2026-07-06T15:26:48.689Z" },
    { url = "https://files.pythonhosted.org/packages/1c/bc/0a8540b8cd494951cca1428606373942803f5ffcec40fe798f819c5a8adb/charset_normalizer-3.4.8-cp314-cp314-macosx_10_15_universal2.whl", hash = "sha256:77e993ecf65f21ab1f82266ff5e84a7de2c879e7d9b8bc006009df83f22a1d5e", size = 316993, upload-time = "2026-07-06T15:26:49.962Z" },
    { url = "https://files.pythonhosted.org/packages/0e/99/a0868f0a1f0a045fd374d1f2cf7042d8ad5d7fb4dd1f4ac7365e319f7e32/charset_normalizer-3.4.8-cp314-cp314-manylinux2014_aarch64.manylinux_2_17_aarch64.manylinux_2_28_aarch64.whl", hash = "sha256:524939917f17f6de502dfda30b472550965740d7f126659d4c4f8dd1569cce22", size = 215638, upload-time = "2026-07-06T15:26:51.338Z" },
    { url = "https://files.pythonhosted.org/packages/e8/e9/43c4d09a09b5557cc5fe1d87c9d96f86a3942aec0517d2b5408cef87ca75/charset_normalizer-3.4.8-cp314-cp314-manylinux2014_ppc64le.manylinux_2_17_ppc64le.manylinux_2_28_ppc64le.whl", hash = "sha256:a4508989ba8e2ce43ef989453d18188b261546e8188cbdd4ef451fb9e4c3b467", size = 236456, upload-time = "2026-07-06T15:26:52.531Z" },
    { url = "https://files.pythonhosted.org/packages/e2/67/492ca98b3ab785b736b5da10c1bc233e1c8fec6c0cdb29b482c38bfc52a2/charset_normalizer-3.4.8-cp314-cp314-manylinux2014_s390x.manylinux_2_17_s390x.manylinux_2_28_s390x.whl", hash = "sha256:9e44127f7d11eee4548ad2cdf1f4e1b6eaaddd5cb92d15ad65f6ecc9bcf403ab", size = 232253, upload-time = "2026-07-06T15:26:53.838Z" },
    { url = "https://files.pythonhosted.org/packages/2d/fd/1e6eff58c14f1aace1e26d80defbeaea2d35e075dbe4b611111ee4b47fa8/charset_normalizer-3.4.8-cp314-cp314-manylinux2014_x86_64.manylinux_2_17_x86_64.manylinux_2_28_x86_64.whl", hash = "sha256:bb90317359f7e67bb6df615999a95e0980877468e617ddce8b6c2f8e7fe60d95", size = 222886, upload-time = "2026-07-06T15:26:55.009Z" },
    { url = "https://files.pythonhosted.org/packages/40/7a/90056a5326b0c4b9a3f924d337729c344c11542e5bc7191e50410db61587/charset_normalizer-3.4.8-cp314-cp314-manylinux_2_31_armv7l.whl", hash = "sha256:35d9e7a9c960520ae89d1f4e305d1c047a74dea2e0f73a0e84f879356c2e8776", size = 206482, upload-time = "2026-07-06T15:26:56.306Z" },
    { url = "https://files.pythonhosted.org/packages/18/ff/94761d31a33878dbb5008ddbd918615061fcf5c0a612aa3075450e60f628/charset_normalizer-3.4.8-cp314-cp314-manylinux_2_31_riscv64.manylinux_2_39_riscv64.whl", hash = "sha256:92e322b054c7ff886f78feab7360736bb45de2e18cf4a0ee84e8fc5a08d53a19", size = 218929, upload-time = "2026-07-06T15:26:57.422Z" },
    { url = "https://files.pythonhosted.org/packages/2b/dc/00b9675acd7c4b926b9102ee3f0d1a570ce943901be73b87485001393fe1/charset_normalizer-3.4.8-cp314-cp314-musllinux_1_2_aarch64.whl", hash = "sha256:3c0086d97094363556206dc3bcf43f7edcfc043ea7a568a46f45efea74858bd1", size = 218069, upload-time = "2026-07-06T15:26:58.719Z" },
    { url = "https://files.pythonhosted.org/packages/04/11/94ada5a0482ee4bf688d04be4c7d6fd945d37370d04a95671040dfe2b416/charset_normalizer-3.4.8-cp314-cp314-musllinux_1_2_armv7l.whl", hash = "sha256:0752c849b51198267df2aba013c4de3a2955bd014a4fd70828809946c1acbc0c", size = 207146, upload-time = "2026-07-06T15:27:00.058Z" },
    { url = "https://files.pythonhosted.org/packages/7c/f7/246bd36762207ab4752cd436b64e5d81a1668b15ddea7b5b2d0e8545e727/charset_normalizer-3.4.8-cp314-cp314-musllinux_1_2_x86_64.whl", hash = "sha256:2a4707e09eca11e81ece4fced600c5a0a801f568b962244f6f517bc274745fc9", size = 224896, upload-time = "2026-07-06T15:27:01.599Z" },
    { url = "https://files.pythonhosted.org/packages/6f/f7/3510622d1fbe13b0ebf827c475e40a27e2be427140d792878b63ab6425cc/charset_normalizer-3.4.8-cp314-cp314-win32.whl", hash = "sha256:8ea67f427c073ae3da0923aa55f3715131fa613a61a7f2f8d762bde75eaf00ae", size = 150851, upload-time = "2026-07-06T15:27:02.964Z" },
    { url = "https://files.pythonhosted.org/packages/32/2b/9ce65dd21672b55cf800cca5f4433afa1586fda1d78731067ec9ec544c62/charset_normalizer-3.4.8-cp314-cp314-win_amd64.whl", hash = "sha256:ff71018850863362e5c7533769d0a9f77715c31af1502d523630ce822922f5c9", size = 162549, upload-time = "2026-07-06T15:27:04.249Z" },
    { url = "https://files.pythonhosted.org/packages/2f/34/9a5967eed666a88f31a0866884606d9ec3c2cd6091e2ccd7e0b4c4176c35/charset_normalizer-3.4.8-cp314-cp314-win_arm64.whl", hash = "sha256:44464e66f4da2f21dea7145c7693f9f60717ca4794a954dea5bf8c2c932678bd", size = 153079, upload-time = "2026-07-06T15:27:05.608Z" },
    { url = "https://files.pythonhosted.org/packages/02/4f/aa44cc81d8987f105352c74c0bf919007f8b80e9880d28bcf0393c1a816e/charset_normalizer-3.4.8-cp314-cp314t-macosx_10_15_universal2.whl", hash = "sha256:50a0c2e58ad2c203adb616fef28941b7e13716adbc25e0dfaeec29f5afe6382f", size = 338586, upload-time = "2026-07-06T15:27:06.86Z" },
    { url = "https://files.pythonhosted.org/packages/1d/2b/b0392e2b235c08ff0623d905c2ee8ac820620544043c1ce92ce0b3d64c55/charset_normalizer-3.4.8-cp314-cp314t-manylinux2014_aarch64.manylinux_2_17_aarch64.manylinux_2_28_aarch64.whl", hash = "sha256:8a1e589fdb95c76f08288bbb346230cdd8994db74903db6637b380f7b5fc9336", size = 222764, upload-time = "2026-07-06T15:27:08.23Z" },
    { url = "https://files.pythonhosted.org/packages/a2/a1/7d466879190731f5559662c22232646f2ae2dace2323c3e5aefcf78d458a/charset_normalizer-3.4.8-cp314-cp314t-manylinux2014_ppc64le.manylinux_2_17_ppc64le.manylinux_2_28_ppc64le.whl", hash = "sha256:b3d7c887444c5a7ef0d68d358d81e758a850bc626f8e639e2ca5667153272b20", size = 241331, upload-time = "2026-07-06T15:27:09.512Z" },
    { url = "https://files.pythonhosted.org/packages/70/17/8b89e797137aa28c8fb0bafbafc243246a7afe21620a13b00e37624ece1d/charset_normalizer-3.4.8-cp314-cp314t-manylinux2014_s390x.manylinux_2_17_s390x.manylinux_2_28_s390x.whl", hash = "sha256:65c389b96c0cfff3a3f0458fa1c7ce554a30e23101a88a49f03997afce6a929f", size = 239323, upload-time = "2026-07-06T15:27:10.86Z" },
    { url = "https://files.pythonhosted.org/packages/d7/98/1c1940730ed22d50983be4e243c722c89d5136d6f073bd840d1128bfddcb/charset_normalizer-3.4.8-cp314-cp314t-manylinux2014_x86_64.manylinux_2_17_x86_64.manylinux_2_28_x86_64.whl", hash = "sha256:593403fc47dcdf55e2987b2e3cc2e064127e2b908929f1f18b2e4a4652cbd780", size = 229964, upload-time = "2026-07-06T15:27:12.113Z" },
    { url = "https://files.pythonhosted.org/packages/53/2d/bb8e81b7ff603d3f77e9a8a5d1ad34fcabbf3c54d300c29d99fba581fa23/charset_normalizer-3.4.8-cp314-cp314t-manylinux_2_31_armv7l.whl", hash = "sha256:606088e9fa2b7469ab9c42d4da8e05a415622a07714edd2fcd8fed48dda4c853", size = 212405, upload-time = "2026-07-06T15:27:13.447Z" },
    { url = "https://files.pythonhosted.org/packages/ce/1f/e52a3a53b13da591bb8f21d29e63877268eadf20686b7762351d4b89062c/charset_normalizer-3.4.8-cp314-cp314t-manylinux_2_31_riscv64.manylinux_2_39_riscv64.whl", hash = "sha256:0317406326fed512f42a1632ad91a96228a7616c06547666a6dd79967f1bd6ca", size = 226918, upload-time = "2026-07-06T15:27:14.89Z" },
    { url = "https://files.pythonhosted.org/packages/e8/f9/32996d79c57189af9722fe618f46d8a86b7be035ca98887b8d0c3821f141/charset_normalizer-3.4.8-cp314-cp314t-musllinux_1_2_aarch64.whl", hash = "sha256:b67d50ee47e5c57a0064a9cb575b963a7125819dfd1fd094d44d378fff94659b", size = 225113, upload-time = "2026-07-06T15:27:16.125Z" },
    { url = "https://files.pythonhosted.org/packages/d6/d2/9248c18e695696513774523a794cfb8b677521ce9ad7554d301cb10a9b20/charset_normalizer-3.4.8-cp314-cp314t-musllinux_1_2_armv7l.whl", hash = "sha256:79e402b869f270140afa5e2b0e2ac100585358d812fe3dd093d424f7a72964e0", size = 214966, upload-time = "2026-07-06T15:27:17.418Z" },
    { url = "https://files.pythonhosted.org/packages/1e/9d/4b19432d406179a40f924691906ee5b15ac664b408971c973295192444ea/charset_normalizer-3.4.8-cp314-cp314t-musllinux_1_2_x86_64.whl", hash = "sha256:2970b9f7ab69ec3a0423ec6b6ac718e79fbf4a282c0bc103ef88c1ef50dfa15a", size = 231699, upload-time = "2026-07-06T15:27:19.131Z" },
    { url = "https://files.pythonhosted.org/packages/be/41/bdbdf71e8c3ccff10ef3cc2bb9467a7fdb3dc94b9a406d1a3c44afd39632/charset_normalizer-3.4.8-cp314-cp314t-win32.whl", hash = "sha256:458c2972a78043b7261c9726670029f15f722e70669bcbe961153a01968f589f", size = 155333, upload-time = "2026-07-06T15:27:20.681Z" },
    { url = "https://files.pythonhosted.org/packages/bd/f8/e05c69323bd50091ec39f5f885385b884624b0131a6885a0c83a6217ba7a/charset_normalizer-3.4.8-cp314-cp314t-win_amd64.whl", hash = "sha256:0c926329a1df7cd56d7d8349fe354460d20aefd2e394c9e159e479d018b2b359", size = 167378, upload-time = "2026-07-06T15:27:22.042Z" },
    { url = "https://files.pythonhosted.org/packages/c2/04/cbaf1a2f5e2bbf70760e774380cbf052b10849fc35e770905df31af5cf00/charset_normalizer-3.4.8-cp314-cp314t-win_arm64.whl", hash = "sha256:2232baea80a2b01783679fed4e625ccdb19a974f44c9cf0fba21a777a4c8179c", size = 157782, upload-time = "2026-07-06T15:27:23.312Z" },
    { url = "https://files.pythonhosted.org/packages/23/52/d5bee5b6ea81882d549b566d2545b044bbcbc33fe5fbe001008a7e745a21/charset_normalizer-3.4.8-py3-none-any.whl", hash = "sha256:b7c1fb310df524e01fbe84d43b7f95aa4f808f8eaa0dafc185f64ba395e37d54", size = 64279, upload-time = "2026-07-06T15:27:57.043Z" },
]

[[package]]
name = "daf"
version = "1.1.37"
source = { virtual = "." }
dependencies = [
    { name = "django" },
    { name = "flake8" },
    { name = "markdown" },
    { name = "pillow" },
    { name = "requests" },
]

[package.dev-dependencies]
dev = [
    { name = "flake8" },
]

[package.metadata]
requires-dist = [
    { name = "django", specifier = ">=6.0.6" },
    { name = "flake8", specifier = ">=7.3.0" },
    { name = "markdown", specifier = ">=3.10.2" },
    { name = "pillow", specifier = ">=12.3.0" },
    { name = "requests", specifier = ">=2.34.2" },
]

[package.metadata.requires-dev]
dev = [{ name = "flake8", specifier = ">=7.3.0" }]

[[package]]
name = "django"
version = "6.0.6"
source = { registry = "https://pypi.org/simple" }
dependencies = [
    { name = "asgiref" },
    { name = "sqlparse" },
    { name = "tzdata", marker = "sys_platform == 'win32'" },
]
sdist = { url = "https://files.pythonhosted.org/packages/78/29/ac41e16097af67066d97a7d5775c5d8e7efc5d0284f6b0a159e07b9adb92/django-6.0.6.tar.gz", hash = "sha256:ad03916ba59523d781ae5c3f631960c23d69a9d9c43cecda52fc23b47e953713", size = 10905525, upload-time = "2026-06-03T13:02:46.503Z" }
wheels = [
    { url = "https://files.pythonhosted.org/packages/eb/50/23f9dc45483419a3cc2085b498b25adfbf10642b2941c73e6d2dfaffc9ab/django-6.0.6-py3-none-any.whl", hash = "sha256:25148b1194c47c2e685e5f5e9c5d59c78b075dfd282cb9618861ba6c1708f4d2", size = 8373354, upload-time = "2026-06-03T13:02:41.72Z" },
]

[[package]]
name = "flake8"
version = "7.3.0"
source = { registry = "https://pypi.org/simple" }
dependencies = [
    { name = "mccabe" },
    { name = "pycodestyle" },
    { name = "pyflakes" },
]
sdist = { url = "https://files.pythonhosted.org/packages/9b/af/fbfe3c4b5a657d79e5c47a2827a362f9e1b763336a52f926126aa6dc7123/flake8-7.3.0.tar.gz", hash = "sha256:fe044858146b9fc69b551a4b490d69cf960fcb78ad1edcb84e7fbb1b4a8e3872", size = 48326, upload-time = "2025-06-20T19:31:35.838Z" }
wheels = [
    { url = "https://files.pythonhosted.org/packages/9f/56/13ab06b4f93ca7cac71078fbe37fcea175d3216f31f85c3168a6bbd0bb9a/flake8-7.3.0-py2.py3-none-any.whl", hash = "sha256:b9696257b9ce8beb888cdbe31cf885c90d31928fe202be0889a7cdafad32f01e", size = 57922, upload-time = "2025-06-20T19:31:34.425Z" },
]

[[package]]
name = "idna"
version = "3.18"
source = { registry = "https://pypi.org/simple" }
sdist = { url = "https://files.pythonhosted.org/packages/cd/63/9496c57188a2ee585e0f1db071d75089a11e98aa86eb99d9d7618fc1edce/idna-3.18.tar.gz", hash = "sha256:ffb385a7e039654cef1ab9ef32c6fafe283c0c0467bba1d9029738ce4a14a848", size = 196711, upload-time = "2026-06-02T14:34:07.794Z" }
wheels = [
    { url = "https://files.pythonhosted.org/packages/1e/5e/d4e9f1a599fb8e573b7b87160658329fbf28d19eac2718f51fc3def3aa5a/idna-3.18-py3-none-any.whl", hash = "sha256:7f952cbe720b688055e3f87de14f5c3e5fdaa8bc3928985c4077ca689de849a2", size = 65455, upload-time = "2026-06-02T14:34:06.319Z" },
]

[[package]]
name = "markdown"
version = "3.10.2"
source = { registry = "https://pypi.org/simple" }
sdist = { url = "https://files.pythonhosted.org/packages/2b/f4/69fa6ed85ae003c2378ffa8f6d2e3234662abd02c10d216c0ba96081a238/markdown-3.10.2.tar.gz", hash = "sha256:994d51325d25ad8aa7ce4ebaec003febcce822c3f8c911e3b17c52f7f589f950", size = 368805, upload-time = "2026-02-09T14:57:26.942Z" }
wheels = [
    { url = "https://files.pythonhosted.org/packages/de/1f/77fa3081e4f66ca3576c896ae5d31c3002ac6607f9747d2e3aa49227e464/markdown-3.10.2-py3-none-any.whl", hash = "sha256:e91464b71ae3ee7afd3017d9f358ef0baf158fd9a298db92f1d4761133824c36", size = 108180, upload-time = "2026-02-09T14:57:25.787Z" },
]

[[package]]
name = "mccabe"
version = "0.7.0"
source = { registry = "https://pypi.org/simple" }
sdist = { url = "https://files.pythonhosted.org/packages/e7/ff/0ffefdcac38932a54d2b5eed4e0ba8a408f215002cd178ad1df0f2806ff8/mccabe-0.7.0.tar.gz", hash = "sha256:348e0240c33b60bbdf4e523192ef919f28cb2c3d7d5c7794f74009290f236325", size = 9658, upload-time = "2022-01-24T01:14:51.113Z" }
wheels = [
    { url = "https://files.pythonhosted.org/packages/27/1a/1f68f9ba0c207934b35b86a8ca3aad8395a3d6dd7921c0686e23853ff5a9/mccabe-0.7.0-py2.py3-none-any.whl", hash = "sha256:6c2d30ab6be0e4a46919781807b4f0d834ebdd6c6e3dca0bda5a15f863427b6e", size = 7350, upload-time = "2022-01-24T01:14:49.62Z" },
]

[[package]]
name = "pillow"
version = "12.3.0"
source = { registry = "https://pypi.org/simple" }
sdist = { url = "https://files.pythonhosted.org/packages/1c/3d/bb7fca845737cf9d7dbde16ed1843984665ff2e0a518f5db43e77ec540b9/pillow-12.3.0.tar.gz", hash = "sha256:3b8182a766685eaa002637e28b4ec8d6b18819a0c71f579bf0dbaa5830297cce", size = 47025035, upload-time = "2026-07-01T11:56:38.965Z" }
wheels = [
    { url = "https://files.pythonhosted.org/packages/37/bf/fb3ebff8ddcb76aac5a01389251bbbb9519922a9b520d8247c1ca864a25d/pillow-12.3.0-cp312-cp312-macosx_10_13_x86_64.whl", hash = "sha256:ba09209fbe443b4acccebe845d8a138b89a8f4fbaeedd44953490b5315d5e965", size = 5345969, upload-time = "2026-07-01T11:54:06.397Z" },
    { url = "https://files.pythonhosted.org/packages/d8/66/9a386a92561f402389a4fc70c18838bf6d35eb5eb5c6850b4b2dc64f5048/pillow-12.3.0-cp312-cp312-macosx_11_0_arm64.whl", hash = "sha256:ffd0c5368496f41b0944be820fcb7a838aa6e623d250b01acf2643939c3f99d7", size = 4780323, upload-time = "2026-07-01T11:54:09.351Z" },
    { url = "https://files.pythonhosted.org/packages/25/27/ac8f99618ffd3dde21db0f4d4b1d2ab00c0880595bfd17df103f7f39fd0c/pillow-12.3.0-cp312-cp312-manylinux_2_27_aarch64.manylinux_2_28_aarch64.whl", hash = "sha256:d9c7f76c0673154f044e9d78c8655fb4213f6ca31a836df48b40fe5d187717b9", size = 6266838, upload-time = "2026-07-01T11:54:11.71Z" },
    { url = "https://files.pythonhosted.org/packages/84/21/a35af28dcc61f37ed850a2d64c65c701321dfbf25085e469d5559360cbbf/pillow-12.3.0-cp312-cp312-manylinux_2_27_x86_64.manylinux_2_28_x86_64.whl", hash = "sha256:78cb2c6865a35ab8ff8b75fd122f6033b92a62c82801110e48ddd6c936a45d91", size = 6940830, upload-time = "2026-07-01T11:54:13.732Z" },
    { url = "https://files.pythonhosted.org/packages/eb/51/8b08617af3ad95e33ce6d7dd2c99ed6c8298f7fb131636303956be022e25/pillow-12.3.0-cp312-cp312-musllinux_1_2_aarch64.whl", hash = "sha256:e491916b378fba47242221bb9ead245211b70d504f495d105d17b14a24b4907c", size = 6344383, upload-time = "2026-07-01T11:54:15.756Z" },
    { url = "https://files.pythonhosted.org/packages/1d/72/cf78ac9780bb93c28328f408973845a309d4d145041665f734572ced1b52/pillow-12.3.0-cp312-cp312-musllinux_1_2_x86_64.whl", hash = "sha256:0dd2064cbc55aaec028ef5fbb60fa47bb6c3e7918e07ff17935284b227a9d2df", size = 7052934, upload-time = "2026-07-01T11:54:17.721Z" },
    { url = "https://files.pythonhosted.org/packages/20/20/25e0f4dc178a6bc0696793720055519a0de89e7661dae886992decbd2f81/pillow-12.3.0-cp312-cp312-win32.whl", hash = "sha256:dbce0b29841537a2fa4a214c2bbf14de3587c9680caa9b4e217568472490b28f", size = 6472684, upload-time = "2026-07-01T11:54:19.839Z" },
    { url = "https://files.pythonhosted.org/packages/45/89/da2f7971a317f83d807fdd4065c0af40208e59e692cc43d315a71a0e96d1/pillow-12.3.0-cp312-cp312-win_amd64.whl", hash = "sha256:a2b55dd6b2a4c4b7d87ffa56bdb33fdc5fdb9a462173861a7bc097f17d91cb09", size = 7227137, upload-time = "2026-07-01T11:54:22.025Z" },
    { url = "https://files.pythonhosted.org/packages/de/47/4845a0a6c0dbf1db8456bd9fc791f13c5ced7ced20606d08a0aacfd25b49/pillow-12.3.0-cp312-cp312-win_arm64.whl", hash = "sha256:331b624368d4f1d069149002f25f44bc61c8919ce8ddb3c45bdad8f6e2d89510", size = 2568267, upload-time = "2026-07-01T11:54:24.051Z" },
    { url = "https://files.pythonhosted.org/packages/9d/ac/31fb64e1e7efb5a4b50cd3d92049ba89ac6e4d8d3bb6a74e15048ca3353e/pillow-12.3.0-cp313-cp313-ios_13_0_arm64_iphoneos.whl", hash = "sha256:21900ce7ba264168cd50defae43cd75d25c833ad4ad6e73ffc5596d12e25ac89", size = 4161684, upload-time = "2026-07-01T11:54:25.934Z" },
    { url = "https://files.pythonhosted.org/packages/87/b4/9805e23d2b4d77842b468513841fda254ee42f0289d25088340e4ff46e2d/pillow-12.3.0-cp313-cp313-ios_13_0_arm64_iphonesimulator.whl", hash = "sha256:4e8c2a84d977f50b9daed6eeaf3baef67d00d5d74d932288f02cb94518ee3ace", size = 4255487, upload-time = "2026-07-01T11:54:27.935Z" },
    { url = "https://files.pythonhosted.org/packages/df/39/ecf519435a200c693fe053a6ee4d835b41cf963a4dfc2551c4e637cb2a71/pillow-12.3.0-cp313-cp313-ios_13_0_x86_64_iphonesimulator.whl", hash = "sha256:ae26d61dfa7a47befdc7572b521024e8745f3d809bd95ca9505a7bba9ef849ec", size = 3696433, upload-time = "2026-07-01T11:54:29.813Z" },
    { url = "https://files.pythonhosted.org/packages/42/92/2fc3ffad878ae8dd5469ec1bc8eb83b71f48e13efdf68f02709003982a32/pillow-12.3.0-cp313-cp313-macosx_10_13_x86_64.whl", hash = "sha256:7a743ff716f746fc19a9557f60dab1600d4613255f8a7aeb3cdde4db7eb15a66", size = 5345889, upload-time = "2026-07-01T11:54:31.97Z" },
    { url = "https://files.pythonhosted.org/packages/10/76/8803c13605b763d33d156c4678fc77f8443389c0c51c8aef707bb02015f4/pillow-12.3.0-cp313-cp313-macosx_11_0_arm64.whl", hash = "sha256:d69141514cc30b774ceea5e3ed3a6635c8d8a96edf664689b890f4089111fb35", size = 4780109, upload-time = "2026-07-01T11:54:34.026Z" },
    { url = "https://files.pythonhosted.org/packages/1f/01/e18aff37cb0b4aac47ac90f016d347a49aca667ef97f190b06ac2aabc928/pillow-12.3.0-cp313-cp313-manylinux_2_27_aarch64.manylinux_2_28_aarch64.whl", hash = "sha256:f7401aebd7f581d7f83a439d87d474999317ee099218e5ad25d125290990ba65", size = 6263736, upload-time = "2026-07-01T11:54:36.131Z" },
    { url = "https://files.pythonhosted.org/packages/f7/62/de5bdd77d935331f4f802edc11e4d82950f642caad6cb2f949837b8560e2/pillow-12.3.0-cp313-cp313-manylinux_2_27_x86_64.manylinux_2_28_x86_64.whl", hash = "sha256:0847a763afefb695bc912d7c131e7e0632d4edc1d8698f58ddabec8e46b8b6d3", size = 6937129, upload-time = "2026-07-01T11:54:38.216Z" },
    { url = "https://files.pythonhosted.org/packages/70/4d/105627a13300c5e0df1d174230b32fd1273062c96f7745fd552b945d1e1d/pillow-12.3.0-cp313-cp313-musllinux_1_2_aarch64.whl", hash = "sha256:571b9fcb07b97ef3a492028fb3d2dc0993ca23a06138b0315286566d29ef718a", size = 6339562, upload-time = "2026-07-01T11:54:40.354Z" },
    { url = "https://files.pythonhosted.org/packages/6b/1d/f13de01a553988ab895ba1c722e06cf3144d4f57656fd5b81b6d881f1179/pillow-12.3.0-cp313-cp313-musllinux_1_2_x86_64.whl", hash = "sha256:756c768d0c9c2955feb7a56c37ea24aea2e369f8d36a88da270b6a9f19e62b5e", size = 7049439, upload-time = "2026-07-01T11:54:42.489Z" },
    { url = "https://files.pythonhosted.org/packages/c9/f9/066794cca041b969964f779ee5fa66a9498bbf34248ac39c5d7954e4198f/pillow-12.3.0-cp313-cp313-win32.whl", hash = "sha256:a876864214e136f0eb367788dbd7df045f4806801518e2cfe9e13229cfe06d8f", size = 6473287, upload-time = "2026-07-01T11:54:44.9Z" },
    { url = "https://files.pythonhosted.org/packages/a6/9b/7a58e61d62be561da3a356fe2384d4059a6345fc130e23ef1c36a5b81d24/pillow-12.3.0-cp313-cp313-win_amd64.whl", hash = "sha256:1cca606cd25738df4ed873d5ad46bbdb3d83b5cbca291f6b4ff13a4df6b0bbe8", size = 7239691, upload-time = "2026-07-01T11:54:47.141Z" },
    { url = "https://files.pythonhosted.org/packages/aa/b0/c4ed4f0ef8f8fa5ee8351537db6650bb8189f7e118842978dd6589065692/pillow-12.3.0-cp313-cp313-win_arm64.whl", hash = "sha256:b629de27fda84b42cde7edef0d85f13b958b47f6e9bbcbba9b673c562a89bd8b", size = 2568185, upload-time = "2026-07-01T11:54:49.137Z" },
    { url = "https://files.pythonhosted.org/packages/dc/01/001f65b68192f0228cc1dbbc8d2530ab5d58b61037ba0587f946fea607cd/pillow-12.3.0-cp314-cp314-ios_13_0_arm64_iphoneos.whl", hash = "sha256:9cf95fe4d0f84c82d282745d9bb08ad9f926efa00be4697e767b814ce40d4330", size = 4161736, upload-time = "2026-07-01T11:54:51.156Z" },
    { url = "https://files.pythonhosted.org/packages/1a/d2/0219746d0fd16fc8a84498e79452375be3797d3ce4044596ce565164b84f/pillow-12.3.0-cp314-cp314-ios_13_0_arm64_iphonesimulator.whl", hash = "sha256:8728f216dcdb6e6d555cf971cb34076139ad74b31fc2c14da4fafc741c5f6217", size = 4255435, upload-time = "2026-07-01T11:54:53.414Z" },
    { url = "https://files.pythonhosted.org/packages/c8/02/8d0bc62ef0302318c46ff2a512822d2610e81c7aa46c9b3abe6cbaca5ad0/pillow-12.3.0-cp314-cp314-ios_13_0_x86_64_iphonesimulator.whl", hash = "sha256:a45650e8ce7fafffd731db8550230db6b0d306d181a90b67d3e6bca2f1990930", size = 3696262, upload-time = "2026-07-01T11:54:55.739Z" },
    { url = "https://files.pythonhosted.org/packages/85/e2/73c77d218410b14f5f2d565e8a998d5317b7b9c75368d29985139f7a46f0/pillow-12.3.0-cp314-cp314-macosx_10_15_x86_64.whl", hash = "sha256:ba54cfebe86920a559a7c4d6b9050791c20513650a1952ebe3368c7dc70306f8", size = 5350344, upload-time = "2026-07-01T11:54:57.657Z" },
    { url = "https://files.pythonhosted.org/packages/c7/da/32c752228ae345f489e3a42499d817b6c3996da7e8a3bc7a04fc806b243b/pillow-12.3.0-cp314-cp314-macosx_11_0_arm64.whl", hash = "sha256:e158cb00350dc278f3b91551101aa7d12415a66ebf2c91d8d5ac14e56ddd3ad0", size = 4780131, upload-time = "2026-07-01T11:54:59.713Z" },
    { url = "https://files.pythonhosted.org/packages/b1/9d/8b2c807dbef61a5197c047afe99823787eb66f63daf9fb2432f91d6f0462/pillow-12.3.0-cp314-cp314-manylinux_2_27_aarch64.manylinux_2_28_aarch64.whl", hash = "sha256:e9aeb04d6aef139de265b29683e119b638208f88cf73cdd1658aa07221165321", size = 6263757, upload-time = "2026-07-01T11:55:01.778Z" },
    { url = "https://files.pythonhosted.org/packages/5c/44/c85361f65dbe00eea8576ee467c768d25129989efb76e94f205e9ca9bb46/pillow-12.3.0-cp314-cp314-manylinux_2_27_x86_64.manylinux_2_28_x86_64.whl", hash = "sha256:251bf95b67017e27b13d82f5b326234ca62d70f9cf4c2b9032de2358a3b12c7b", size = 6936962, upload-time = "2026-07-01T11:55:03.93Z" },
    { url = "https://files.pythonhosted.org/packages/18/7e/e483414b35800b86b6f08dbbc7803fb5cd52c4d6f897f47d53ea2c7e6f65/pillow-12.3.0-cp314-cp314-musllinux_1_2_aarch64.whl", hash = "sha256:fe3cca2e4e8a592be0f269a1ca4835c25199d9f3ce815c8491048f785b0a0198", size = 6339171, upload-time = "2026-07-01T11:55:05.989Z" },
    { url = "https://files.pythonhosted.org/packages/f0/f4/68c491844841ede6bed70189546b3ee9731cf9f2cbad396faff5e1ccba45/pillow-12.3.0-cp314-cp314-musllinux_1_2_x86_64.whl", hash = "sha256:23aceaa007d6172b02c277f0cd359c79492bbb14f7072b4ede9fbcaf20648130", size = 7048116, upload-time = "2026-07-01T11:55:08.131Z" },
    { url = "https://files.pythonhosted.org/packages/a3/34/77f3f793fed8efc7d243f21b33c5a3f0d1c97ee70346d3db855587e155ff/pillow-12.3.0-cp314-cp314-win32.whl", hash = "sha256:af8d94b0db561cf68b88a267c5c44b49e134f525d0dc2cb7ed413a66bc23559a", size = 6467209, upload-time = "2026-07-01T11:55:10.408Z" },
    { url = "https://files.pythonhosted.org/packages/f1/e0/492879f69d94f91f60fc8cd05ba03650e9520afebb2fb7aa12777d7c7f38/pillow-12.3.0-cp314-cp314-win_amd64.whl", hash = "sha256:fdafc9cce40277e0f7a0feabce0ee50dd2fa1800f3b38015e51296b5e814048d", size = 7237707, upload-time = "2026-07-01T11:55:12.745Z" },
    { url = "https://files.pythonhosted.org/packages/c9/ac/6b11f2875f1c2ac040d84e1bbf9cf22a88038f901ca1037898b280b38365/pillow-12.3.0-cp314-cp314-win_arm64.whl", hash = "sha256:e91206ee562682b51b98ef4b26a6ef48fd84e15fd4c4bc5ec768eb641d206838", size = 2565995, upload-time = "2026-07-01T11:55:14.736Z" },
    { url = "https://files.pythonhosted.org/packages/52/69/c2208e56af9bfc1913afb24020297a691eb1d4ef688474c8a04913f65e04/pillow-12.3.0-cp314-cp314t-macosx_10_15_x86_64.whl", hash = "sha256:164b31cd1a0490ab6efae01aa5df49da7061be0af1b30e035b6e9a1bfe34ee6e", size = 5352503, upload-time = "2026-07-01T11:55:17.076Z" },
    { url = "https://files.pythonhosted.org/packages/07/70/e5686d753e898a45d778ff1718dba8516ead6ab6b95d85fc8c4b70650cf2/pillow-12.3.0-cp314-cp314t-macosx_11_0_arm64.whl", hash = "sha256:5afb51d599ea772b8365ae807ae557f18bccfe46ab261fd1c2a9ed700fc6eb17", size = 4782956, upload-time = "2026-07-01T11:55:19.448Z" },
    { url = "https://files.pythonhosted.org/packages/d5/37/25c6692f06927ee973ff18c8d9ee98ad0b4d84ee67a09610c2dd1447958e/pillow-12.3.0-cp314-cp314t-manylinux_2_27_aarch64.manylinux_2_28_aarch64.whl", hash = "sha256:3edce1d53195db527e0191f84b71d02022de0540bf43a16ed734ed7537b07385", size = 6322855, upload-time = "2026-07-01T11:55:21.613Z" },
    { url = "https://files.pythonhosted.org/packages/cc/91/420637fcb8f1bc11029e403b4538e6694744428d8246118e45719f944556/pillow-12.3.0-cp314-cp314t-manylinux_2_27_x86_64.manylinux_2_28_x86_64.whl", hash = "sha256:bf16ba1b4d0b6b7c8e534936632270cf70eb00dbe09005bc345b2677b726855c", size = 6989642, upload-time = "2026-07-01T11:55:24.006Z" },
    { url = "https://files.pythonhosted.org/packages/10/08/b94d7811281ccf0d143a1cf768d1c49e1e54af63e7b708ab2ee3eb87face/pillow-12.3.0-cp314-cp314t-musllinux_1_2_aarch64.whl", hash = "sha256:24870b09b224f7ae3c39ed07d10e819d06f8720bc551847b1d623832b5b0e28d", size = 6391281, upload-time = "2026-07-01T11:55:26.252Z" },
    { url = "https://files.pythonhosted.org/packages/d2/87/24233f785f55474dc02ce3e739c5528a77e3a862e9333d1dd7a25cc31f70/pillow-12.3.0-cp314-cp314t-musllinux_1_2_x86_64.whl", hash = "sha256:30f2aa603c41533cc25c05acd0da21636e84a315768feb631c937177db558931", size = 7096716, upload-time = "2026-07-01T11:55:28.318Z" },
    { url = "https://files.pythonhosted.org/packages/23/26/fcb2f6e37175b04f53570b59937867e2b80ee1685e744023153028fc14f9/pillow-12.3.0-cp314-cp314t-win32.whl", hash = "sha256:4b0a7fe987b14c31ebda6083f74f22b561fd3739bc0ac51e019622e3d72668c7", size = 6474125, upload-time = "2026-07-01T11:55:30.956Z" },
    { url = "https://files.pythonhosted.org/packages/90/de/3634abee5f1c9e13c56787b7d5517b0ba8d6de51700b95578cf338349c9f/pillow-12.3.0-cp314-cp314t-win_amd64.whl", hash = "sha256:962864dc93511324d51ddbb5b9f8731bf71675b93ca612a07441896f4688fb8c", size = 7242939, upload-time = "2026-07-01T11:55:34.044Z" },
    { url = "https://files.pythonhosted.org/packages/ce/2a/fd13f8eb24de5714a6eb444a3d67e2842c6c576e159a43793adf23051351/pillow-12.3.0-cp314-cp314t-win_arm64.whl", hash = "sha256:0740a512dc522224c77d9aa5a8d70d8b7d73fb91f2c21125d8d025d3b8990e45", size = 2567506, upload-time = "2026-07-01T11:55:35.988Z" },
    { url = "https://files.pythonhosted.org/packages/5d/dc/8fdce34ec725a33c81c6ba122b904d6b9024e50ea9ac7bede62fab54506c/pillow-12.3.0-cp315-cp315-ios_13_0_arm64_iphoneos.whl", hash = "sha256:0feb2e9d6ad6c9e3c06effe9d00f3f1e618a6643273576b016f591e9315a7139", size = 4162063, upload-time = "2026-07-01T11:55:37.941Z" },
    { url = "https://files.pythonhosted.org/packages/76/66/2044b9a63d3b84ff048228dfcb7cd9bf0df983e8470971bf7d4c57b693de/pillow-12.3.0-cp315-cp315-ios_13_0_arm64_iphonesimulator.whl", hash = "sha256:9e881fca225083806662a5c43d627d215f258ff43c890f831966c7d7ba9c7402", size = 4255549, upload-time = "2026-07-01T11:55:40.022Z" },
    { url = "https://files.pythonhosted.org/packages/52/7e/1f67e6f4ece6b582ee4b539decbcc9f848dc245a93ed8cd7338bafef72f1/pillow-12.3.0-cp315-cp315-ios_13_0_x86_64_iphonesimulator.whl", hash = "sha256:4998562bf62a445225f22e07c896bb04b35b1b1f2eb6d760584c9c51d7a5f78c", size = 3696331, upload-time = "2026-07-01T11:55:41.98Z" },
    { url = "https://files.pythonhosted.org/packages/12/40/d306fc2c8e4d45d7f175c77edca7063be7b86fe7fe6e68f4353bf71d808c/pillow-12.3.0-cp315-cp315-macosx_10_15_x86_64.whl", hash = "sha256:dc624f6bc473dacdf7ef7eb8678d0d08edf15cd94fad6ae5c7d6cc67a4e4902f", size = 5350370, upload-time = "2026-07-01T11:55:44.028Z" },
    { url = "https://files.pythonhosted.org/packages/dd/44/668fb1437e8ce420f62d6106eb66e44a5971602a4d794615bdf79315d82d/pillow-12.3.0-cp315-cp315-macosx_11_0_arm64.whl", hash = "sha256:71d6097b330eea8fd15097780c8e89cb1a8ce7838669f48c5bacd6f663dd4701", size = 4780147, upload-time = "2026-07-01T11:55:46.073Z" },
    { url = "https://files.pythonhosted.org/packages/0c/08/93fa2e70e30a2d81547e481b6ee2bb9522117221fb1e0ce4b5df70967677/pillow-12.3.0-cp315-cp315-manylinux_2_27_aarch64.manylinux_2_28_aarch64.whl", hash = "sha256:28ce87c5ab450a9dd970b52e5aca5fe63ed432d18a2eaddd1979a00a1ba24ace", size = 6273659, upload-time = "2026-07-01T11:55:48.264Z" },
    { url = "https://files.pythonhosted.org/packages/f8/6d/043e96ff814fc31a33077e4cba86082167db520c93632afdf2042febbb0c/pillow-12.3.0-cp315-cp315-manylinux_2_27_x86_64.manylinux_2_28_x86_64.whl", hash = "sha256:6b02afb9b97f65fbca5f31db6a2a3ba21aa93030225f150fa3f249717e938fb4", size = 6947439, upload-time = "2026-07-01T11:55:50.503Z" },
    { url = "https://files.pythonhosted.org/packages/af/92/ba71d2ee2ac0edf3fa33bd9d5ee9ee080da70b1766f3ca3934f9938ddac9/pillow-12.3.0-cp315-cp315-musllinux_1_2_aarch64.whl", hash = "sha256:1182d52bc2d5e5d7d0949503aa7e36d12f42205dc287e4883f407b1988820d39", size = 6353577, upload-time = "2026-07-01T11:55:52.697Z" },
    { url = "https://files.pythonhosted.org/packages/0f/ce/e63064e2122923ff687c8ad792d0d736a7b3920a56a46982e81a7fdd25d6/pillow-12.3.0-cp315-cp315-musllinux_1_2_x86_64.whl", hash = "sha256:e795b7eb908249c4e43c7c99fac7c2c75dab0c43566e37db472a355f63693d71", size = 7060394, upload-time = "2026-07-01T11:55:55.149Z" },
    { url = "https://files.pythonhosted.org/packages/54/76/a09cc3ccc8d773a7283d34c38bec1708f9e3cc932093cbc4c5e71ac4060b/pillow-12.3.0-cp315-cp315-win32.whl", hash = "sha256:57b3d78c95ba9059768b10e28b813002261d3f3dfc55cc48b0c988f625175827", size = 6467375, upload-time = "2026-07-01T11:55:57.769Z" },
    { url = "https://files.pythonhosted.org/packages/3e/03/1846c49ba3b1d5550392a4bbd06d6fb4578e1cd91a803198b5c90f5f7d53/pillow-12.3.0-cp315-cp315-win_amd64.whl", hash = "sha256:fa4ecea169a355be7a3ade2c783e2ed12f0e40d2c5621cda8b3297faf7fbb9f5", size = 7237048, upload-time = "2026-07-01T11:55:59.975Z" },
    { url = "https://files.pythonhosted.org/packages/fb/bb/89f35dcc79610423f9f195504d7def7f0d1416a711541b42867e25fe3412/pillow-12.3.0-cp315-cp315-win_arm64.whl", hash = "sha256:877c3f311ff35410f690861c4409e7ccbf0cd2f878e50628a28e5a0bb689e658", size = 2566006, upload-time = "2026-07-01T11:56:02.143Z" },
    { url = "https://files.pythonhosted.org/packages/30/88/707027ba09942dfa2c28759b5c222d769290a41c6d20ea60ec250801941f/pillow-12.3.0-cp315-cp315t-macosx_10_15_x86_64.whl", hash = "sha256:e9871b1ffbfa9656b60aeee92ed5136a5742696006fa322b29ea3d8da0ecc9cf", size = 5352509, upload-time = "2026-07-01T11:56:04.2Z" },
    { url = "https://files.pythonhosted.org/packages/b0/6d/00352fa25332c2569cd387851f568cc5a4b75a9adbfb37ac4fbce4c02eec/pillow-12.3.0-cp315-cp315t-macosx_11_0_arm64.whl", hash = "sha256:53aa02d20d10c3d814d536aa4e5ac9b84ca0ff5a88377963b085ad6822f93e64", size = 4783167, upload-time = "2026-07-01T11:56:06.631Z" },
    { url = "https://files.pythonhosted.org/packages/13/4f/9e049dfa21af7c22427275720e2490267ba8138120add5c4c574deb69782/pillow-12.3.0-cp315-cp315t-manylinux_2_27_aarch64.manylinux_2_28_aarch64.whl", hash = "sha256:446c34dcc4324b084a53b705127dc15717b22c5e140ae0a3c38349d4efec071e", size = 6329237, upload-time = "2026-07-01T11:56:08.868Z" },
    { url = "https://files.pythonhosted.org/packages/36/16/cf6eeaae8d0fce8dd390a33437cf68c5d5bd73834a2bc6e2f14efda0ab45/pillow-12.3.0-cp315-cp315t-manylinux_2_27_x86_64.manylinux_2_28_x86_64.whl", hash = "sha256:cf1845d02ad822a369a49f2bb9345b1614744267682e7a03527dc3bf6eea1777", size = 6997047, upload-time = "2026-07-01T11:56:11.379Z" },
    { url = "https://files.pythonhosted.org/packages/1e/69/dbf769bdd55f48bf5733cac28edc6364ffaa072ec9ba336266e4fe66be55/pillow-12.3.0-cp315-cp315t-musllinux_1_2_aarch64.whl", hash = "sha256:186941b6aef820ad110fb01fb06eb925374dc3a21b17e37ec9a53b250c6fe2d1", size = 6400440, upload-time = "2026-07-01T11:56:13.908Z" },
    { url = "https://files.pythonhosted.org/packages/a0/e1/ffc9cfc2eea0d178da8018e18e959301ad9d6bc9f3edb7181e748a474b97/pillow-12.3.0-cp315-cp315t-musllinux_1_2_x86_64.whl", hash = "sha256:f13c32a3abd6079a66d9526e18dad9b6d280384d49d7c54040cd57b6424041d9", size = 7105895, upload-time = "2026-07-01T11:56:16.575Z" },
    { url = "https://files.pythonhosted.org/packages/18/f0/a5595c1e8c3ae44b9828cb2f0fa8155e5095ef04d6327b8f61cf44a3df85/pillow-12.3.0-cp315-cp315t-win32.whl", hash = "sha256:1657923d2d45afb66526e5b933e5b3052e6bdea196c90d3abb2424e18c77dae8", size = 6474384, upload-time = "2026-07-01T11:56:18.855Z" },
    { url = "https://files.pythonhosted.org/packages/e4/04/62bcd9f844984c5938d3b05264a61d797a29d3e0812341a8204af70bbdee/pillow-12.3.0-cp315-cp315t-win_amd64.whl", hash = "sha256:8cd2f7bdda092d99c9fc2fb7391354f306d01443d22785d0cbfafa2e2c8bb418", size = 7243537, upload-time = "2026-07-01T11:56:21.214Z" },
    { url = "https://files.pythonhosted.org/packages/3d/68/1f3066acedf37673694a7141381d8f811ae97f30d34413d236abe7d489f1/pillow-12.3.0-cp315-cp315t-win_arm64.whl", hash = "sha256:06ff022112bc9cbf83b60f8e028d94ad87b60621706487e65f673de61610ab59", size = 2567491, upload-time = "2026-07-01T11:56:23.506Z" },
]

[[package]]
name = "pycodestyle"
version = "2.14.0"
source = { registry = "https://pypi.org/simple" }
sdist = { url = "https://files.pythonhosted.org/packages/11/e0/abfd2a0d2efe47670df87f3e3a0e2edda42f055053c85361f19c0e2c1ca8/pycodestyle-2.14.0.tar.gz", hash = "sha256:c4b5b517d278089ff9d0abdec919cd97262a3367449ea1c8b49b91529167b783", size = 39472, upload-time = "2025-06-20T18:49:48.75Z" }
wheels = [
    { url = "https://files.pythonhosted.org/packages/d7/27/a58ddaf8c588a3ef080db9d0b7e0b97215cee3a45df74f3a94dbbf5c893a/pycodestyle-2.14.0-py2.py3-none-any.whl", hash = "sha256:dd6bf7cb4ee77f8e016f9c8e74a35ddd9f67e1d5fd4184d86c3b98e07099f42d", size = 31594, upload-time = "2025-06-20T18:49:47.491Z" },
]

[[package]]
name = "pyflakes"
version = "3.4.0"
source = { registry = "https://pypi.org/simple" }
sdist = { url = "https://files.pythonhosted.org/packages/45/dc/fd034dc20b4b264b3d015808458391acbf9df40b1e54750ef175d39180b1/pyflakes-3.4.0.tar.gz", hash = "sha256:b24f96fafb7d2ab0ec5075b7350b3d2d2218eab42003821c06344973d3ea2f58", size = 64669, upload-time = "2025-06-20T18:45:27.834Z" }
wheels = [
    { url = "https://files.pythonhosted.org/packages/c2/2f/81d580a0fb83baeb066698975cb14a618bdbed7720678566f1b046a95fe8/pyflakes-3.4.0-py2.py3-none-any.whl", hash = "sha256:f742a7dbd0d9cb9ea41e9a24a918996e8170c799fa528688d40dd582c8265f4f", size = 63551, upload-time = "2025-06-20T18:45:26.937Z" },
]

[[package]]
name = "requests"
version = "2.34.2"
source = { registry = "https://pypi.org/simple" }
dependencies = [
    { name = "certifi" },
    { name = "charset-normalizer" },
    { name = "idna" },
    { name = "urllib3" },
]
sdist = { url = "https://files.pythonhosted.org/packages/ac/c3/e2a2b89f2d3e2179abd6d00ebd70bff6273f37fb3e0cc209f48b39d00cbf/requests-2.34.2.tar.gz", hash = "sha256:f288924cae4e29463698d6d60bc6a4da69c89185ad1e0bcc4104f584e960b9ed", size = 142856, upload-time = "2026-05-14T19:25:27.735Z" }
wheels = [
    { url = "https://files.pythonhosted.org/packages/a0/f4/c67b0b3f1b9245e8d266f0f112c500d50e5b4e83cb6f3b71b6528104182a/requests-2.34.2-py3-none-any.whl", hash = "sha256:2a0d60c172f83ac6ab31e4554906c0f3b3588d37b5cb939b1c061f4907e278e0", size = 73075, upload-time = "2026-05-14T19:25:26.443Z" },
]

[[package]]
name = "sqlparse"
version = "0.5.5"
source = { registry = "https://pypi.org/simple" }
sdist = { url = "https://files.pythonhosted.org/packages/90/76/437d71068094df0726366574cf3432a4ed754217b436eb7429415cf2d480/sqlparse-0.5.5.tar.gz", hash = "sha256:e20d4a9b0b8585fdf63b10d30066c7c94c5d7a7ec47c889a2d83a3caa93ff28e", size = 120815, upload-time = "2025-12-19T07:17:45.073Z" }
wheels = [
    { url = "https://files.pythonhosted.org/packages/49/4b/359f28a903c13438ef59ebeee215fb25da53066db67b305c125f1c6d2a25/sqlparse-0.5.5-py3-none-any.whl", hash = "sha256:12a08b3bf3eec877c519589833aed092e2444e68240a3577e8e26148acc7b1ba", size = 46138, upload-time = "2025-12-19T07:17:46.573Z" },
]

[[package]]
name = "tzdata"
version = "2026.2"
source = { registry = "https://pypi.org/simple" }
sdist = { url = "https://files.pythonhosted.org/packages/ba/19/1b9b0e29f30c6d35cb345486df41110984ea67ae69dddbc0e8a100999493/tzdata-2026.2.tar.gz", hash = "sha256:9173fde7d80d9018e02a662e168e5a2d04f87c41ea174b139fbef642eda62d10", size = 198254, upload-time = "2026-04-24T15:22:08.651Z" }
wheels = [
    { url = "https://files.pythonhosted.org/packages/ce/e4/dccd7f47c4b64213ac01ef921a1337ee6e30e8c6466046018326977efd95/tzdata-2026.2-py2.py3-none-any.whl", hash = "sha256:bbe9af844f658da81a5f95019480da3a89415801f6cc966806612cc7169bffe7", size = 349321, upload-time = "2026-04-24T15:22:05.876Z" },
]

[[package]]
name = "urllib3"
version = "2.7.0"
source = { registry = "https://pypi.org/simple" }
sdist = { url = "https://files.pythonhosted.org/packages/53/0c/06f8b233b8fd13b9e5ee11424ef85419ba0d8ba0b3138bf360be2ff56953/urllib3-2.7.0.tar.gz", hash = "sha256:231e0ec3b63ceb14667c67be60f2f2c40a518cb38b03af60abc813da26505f4c", size = 433602, upload-time = "2026-05-07T16:13:18.596Z" }
wheels = [
    { url = "https://files.pythonhosted.org/packages/7f/3e/5db95bcf282c52709639744ca2a8b149baccf648e39c8cc87553df9eae0c/urllib3-2.7.0-py3-none-any.whl", hash = "sha256:9fb4c81ebbb1ce9531cce37674bbc6f1360472bc18ca9a553ede278ef7276897", size = 131087, upload-time = "2026-05-07T16:13:17.151Z" },
]
